<?xml version="1.0" encoding="UTF-8"?>
<Scheme
   LastUpgradeVersion = "0720"
   version = "1.3">
   <BuildAction
      parallelizeBuildables = "YES"
      buildImplicitDependencies = "YES">
      <BuildActionEntries>
         <BuildActionEntry
            buildForTesting = "YES"
            buildForRunning = "YES"
            buildForProfiling = "YES"
            buildForArchiving = "YES"
            buildForAnalyzing = "YES">
            <BuildableReference
               BuildableIdentifier = "primary"
               BlueprintIdentifier = "A190DD6D1C5933CB006CC922"
               BuildableName = "TipCalculator-Zappos-Watch.app"
               BlueprintName = "TipCalculator-Zappos-Watch"
               ReferencedContainer = "container:TipCalculator-Zappos.xcodeproj">
            </BuildableReference>
         </BuildActionEntry>
         <BuildActionEntry
            buildForTesting = "YES"
            buildForRunning = "YES"
            buildForProfiling = "YES"
            buildForArchiving = "YES"
            buildForAnalyzing = "YES">
            <BuildableReference
               BuildableIdentifier = "primary"
               BlueprintIdentifier = "A190DD561C592D52006CC922"
               BuildableName = "TipCalculator-Zappos.app"
               BlueprintName = "TipCalculator-Zappos"
               ReferencedContainer = "container:TipCalculator-Zappos.xcodeproj">
            </BuildableReference>
         </BuildActionEntry>
         <BuildActionEntry
            buildForTesting = "YES"
            buildForRunning = "YES"
            buildForProfiling = "YES"
            buildForArchiving = "YES"
            buildForAnalyzing = "YES">
            <BuildableReference
               BuildableIdentifier = "primary"
               BlueprintIdentifier = "A190DD791C5933CC006CC922"
               BuildableName = "TipCalculator-Zappos-Watch Extension.appex"
               BlueprintName = "TipCalculator-Zappos-Watch Extension"
               ReferencedContainer = "container:TipCalculator-Zappos.xcodeproj">
            </BuildableReference>
         </BuildActionEntry>
      </BuildActionEntries>
   </BuildAction>
   <TestAction
      buildConfiguration = "Debug"
      selectedDebuggerIdentifier = "Xcode.DebuggerFoundation.Debugger.LLDB"
      selectedLauncherIdentifier = "Xcode.DebuggerFoundation.Launcher.LLDB"
      shouldUseLaunchSchemeArgsEnv = "YES">
      <Testables>
      </Testables>
      <MacroExpansion>
         <BuildableReference
            BuildableIdentifier = "primary"
            BlueprintIdentifier = "A190DD6D1C5933CB006CC922"
            BuildableName = "TipCalculator-Zappos-Watch.app"
            BlueprintName = "TipCalculator-Zappos-Watch"
            ReferencedContainer = "container:TipCalculator-Zappos.xcodeproj">
         </BuildableReference>
      </MacroExpansion>
      <AdditionalOptions>
      </AdditionalOptions>
   </TestAction>
   <LaunchAction
      buildConfiguration = "Debug"
      selectedDebuggerIdentifier = "Xcode.DebuggerFoundation.Debugger.LLDB"
      selectedLauncherIdentifier = "Xcode.DebuggerFoundation.Launcher.LLDB"
      launchStyle = "0"
      useCustomWorkingDirectory = "NO"
      ignoresPersistentStateOnLaunch = "NO"
      debugDocumentVersioning = "YES"
      debugServiceExtension = "internal"
      allowLocationSimulation = "YES">
      <RemoteRunnable
         runnableDebuggingMode = "2"
         BundleIdentifier = "com.apple.carousel"
         RemotePath = "/TipCalculator-Zappos">
         <BuildableReference
            BuildableIdentifier = "primary"
            BlueprintIdentifier = "A190DD6D1C5933CB006CC922"
            BuildableName = "TipCalculator-Zappos-Watch.app"
            BlueprintName = "TipCalculator-Zappos-Watch"
            ReferencedContainer = "container:TipCalculator-Zappos.xcodeproj">
         </BuildableReference>
      </RemoteRunnable>
      <MacroExpansion>
         <BuildableReference
            BuildableIdentifier = "primary"
            BlueprintIdentifier = "A190DD6D1C5933CB006CC922"
            BuildableName = "TipCalculator-Zappos-Watch.app"
            BlueprintName = "TipCalculator-Zappos-Watch"
            ReferencedContainer = "container:TipCalculator-Zappos.xcodeproj">
         </BuildableReference>
      </MacroExpansion>
      <AdditionalOptions>
      </AdditionalOptions>
   </LaunchAction>
   <ProfileAction
      buildConfiguration = "Release"
      shouldUseLaunchSchemeArgsEnv = "YES"
      savedToolIdentifier = ""
      useCustomWorkingDirectory = "NO"
      debugDocumentVersioning = "YES">
      <RemoteRunnable
         runnableDebuggingMode = "2"
         BundleIdentifier = "com.apple.carousel"
         RemotePath = "/TipCalculator-Zappos">
         <BuildableReference
            BuildableIdentifier = "primary"
            BlueprintIdentifier = "A190DD6D1C5933CB006CC922"
            BuildableName = "TipCalculator-Zappos-Watch.app"
            BlueprintName = "TipCalculator-Zappos-Watch"
            ReferencedContainer = "container:TipCalculator-Zappos.xcodeproj">
         </BuildableReference>
      </RemoteRunnable>
      <MacroExpansion>
         <BuildableReference
            BuildableIdentifier = "primary"
            BlueprintIdentifier = "A190DD6D1C5933CB006CC922"
            BuildableName = "TipCalculator-Zappos-Watch.app"
            BlueprintName = "TipCalculator-Zappos-Watch"
            ReferencedContainer = "container:TipCalculator-Zappos.xcodeproj">
         </BuildableReference>
      </MacroExpansion>
   </ProfileAction>
   <AnalyzeAction
      buildConfiguration = "Debug">
   </AnalyzeAction>
   <ArchiveAction
      buildConfiguration = "Release"
      revealArchiveInOrganizer = "YES">
   </ArchiveAction>
</Scheme>
